{
  "name": "PathFinding",
  "version": "1.0.0",
  "lockfileVersion": 1,
  "requires": true,
  "dependencies": {
    "@types/jquery": {
      "version": "2.0.53",
      "resolved": "https://registry.npmjs.org/@types/jquery/-/jquery-2.0.53.tgz",
      "integrity": "sha512-MZKPWUhp5TKkoJ/58NSq6io+CSUCOHm2b3Z6U4+r9v70kktB0JM+eRjdp6YmDHtw0kK2XB7L2K7/FMIoziHjUA==",
      "dev": true
    },
    "@types/pixi.js": {
      "version": "4.8.6",
      "resolved": "https://registry.npmjs.org/@types/pixi.js/-/pixi.js-4.8.6.tgz",
      "integrity": "sha512-70PcmzoHG723nMLx7OzMM7xoH8EnJfVVQmh1WQgXGaXdU9ygq3VlsXLRt/g6Z124abKDvmzg3hfRpA8CvBp2eA==",
      "dev": true
    },
    "bit-twiddle": {
      "version": "1.0.2",
      "resolved": "https://registry.npmjs.org/bit-twiddle/-/bit-twiddle-1.0.2.tgz",
      "integrity": "sha1-DGwfq+KyPRcXPZpht7cJPrnhdp4=",
      "dev": true
    },
    "earcut": {
      "version": "2.1.5",
      "resolved": "https://registry.npmjs.org/earcut/-/earcut-2.1.5.tgz",
      "integrity": "sha512-QFWC7ywTVLtvRAJTVp8ugsuuGQ5mVqNmJ1cRYeLrSHgP3nycr2RHTJob9OtM0v8ujuoKN0NY1a93J/omeTL1PA==",
      "dev": true
    },
    "eventemitter3": {
      "version": "2.0.3",
      "resolved": "https://registry.npmjs.org/eventemitter3/-/eventemitter3-2.0.3.tgz",
      "integrity": "sha1-teEHm1n7XhuidxwKmTvgYKWMmbo=",
      "dev": true
    },
    "ismobilejs": {
      "version": "0.5.1",
      "resolved": "https://registry.npmjs.org/ismobilejs/-/ismobilejs-0.5.1.tgz",
      "integrity": "sha512-QX4STsOcBYqlTjVGuAdP1MiRVxtiUbRHOKH0v7Gn1EvfUVIQnrSdgCM4zB4VCZuIejnb2NUMUx0Bwd3EIG6yyA==",
      "dev": true
    },
    "mini-signals": {
      "version": "1.2.0",
      "resolved": "https://registry.npmjs.org/mini-signals/-/mini-signals-1.2.0.tgz",
      "integrity": "sha1-RbCAE8X65RokqhqTXNMXye1yHXQ=",
      "dev": true
    },
    "object-assign": {
      "version": "4.1.1",
      "resolved": "https://registry.npmjs.org/object-assign/-/object-assign-4.1.1.tgz",
      "integrity": "sha1-IQmtx5ZYh8/AXLvUQsrIv7s2CGM=",
      "dev": true
    },
    "parse-uri": {
      "version": "1.0.0",
      "resolved": "https://registry.npmjs.org/parse-uri/-/parse-uri-1.0.0.tgz",
      "integrity": "sha1-KHLcwi8aeXrN4Vg9igrClVLdrCA=",
      "dev": true
    },
    "pixi-gl-core": {
      "version": "1.1.4",
      "resolved": "https://registry.npmjs.org/pixi-gl-core/-/pixi-gl-core-1.1.4.tgz",
      "integrity": "sha1-i0tcQzsx5Bm8N53FZc4bg1qRs3I=",
      "dev": true
    },
    "pixi.js": {
      "version": "4.8.7",
      "resolved": "https://registry.npmjs.org/pixi.js/-/pixi.js-4.8.7.tgz",
      "integrity": "sha512-mx7YbHPkkWoj8FT3qBMkieAjBuuJ4yZWU7rq9NnCSUGpNrVlocrW179xrJQPVR2Q7JZ73ZGTwH7NOUZ9wgh7wA==",
      "dev": true,
      "requires": {
        "bit-twiddle": "^1.0.2",
        "earcut": "^2.1.4",
        "eventemitter3": "^2.0.0",
        "ismobilejs": "^0.5.1",
        "object-assign": "^4.0.1",
        "pixi-gl-core": "^1.1.4",
        "remove-array-items": "^1.0.0",
        "resource-loader": "^2.2.3"
      }
    },
    "remove-array-items": {
      "version": "1.1.1",
      "resolved": "https://registry.npmjs.org/remove-array-items/-/remove-array-items-1.1.1.tgz",
      "integrity": "sha512-MXW/jtHyl5F1PZI7NbpS8SOtympdLuF20aoWJT5lELR1p/HJDd5nqW8Eu9uLh/hCRY3FgvrIT5AwDCgBODklcA==",
      "dev": true
    },
    "resource-loader": {
      "version": "2.2.3",
      "resolved": "https://registry.npmjs.org/resource-loader/-/resource-loader-2.2.3.tgz",
      "integrity": "sha512-SsxilncV7gxwr12clSq0E2HZh8QjcosVVSEAnZ3VF9VtBNNtO3UFxxXT9pJgkVEJUHAlXg26MkkTOMjyz1kDdw==",
      "dev": true,
      "requires": {
        "mini-signals": "^1.1.1",
        "parse-uri": "^1.0.0"
      }
    },
    "typescript": {
      "version": "2.9.2",
      "resolved": "https://registry.npmjs.org/typescript/-/typescript-2.9.2.tgz",
      "integrity": "sha512-Gr4p6nFNaoufRIY4NMdpQRNmgxVIGMs4Fcu/ujdYk3nAZqk7supzBE9idmvfZIlH/Cuj//dvi+019qEue9lV0w==",
      "dev": true
    }
  }
}
